
Microsoft Visual Studio Solution File, Format Version 12.00
# Visual Studio Version 16
VisualStudioVersion = 16.0.30413.136
MinimumVisualStudioVersion = 10.0.40219.1
Project("{FAE04EC0-301F-11D3-BF4B-00C04F79EFBC}") = "WebView2WpfBrowserApp", "WebView2WpfBrowserApp\WebView2WpfBrowserApp.csproj", "{D6CC07B2-7D9E-46B8-A87E-A4EDFA8F3951}"
EndProject
Global
	GlobalSection(SolutionConfigurationPlatforms) = preSolution
		Debug|Any CPU = Debug|Any CPU
		Release|Any CPU = Release|Any CPU
	EndGlobalSection
	GlobalSection(ProjectConfigurationPlatforms) = postSolution
		{D6CC07B2-7D9E-46B8-A87E-A4EDFA8F3951}.Debug|Any CPU.ActiveCfg = Debug|Any CPU
		{D6CC07B2-7D9E-46B8-A87E-A4EDFA8F3951}.Debug|Any CPU.Build.0 = Debug|Any CPU
		{D6CC07B2-7D9E-46B8-A87E-A4EDFA8F3951}.Release|Any CPU.ActiveCfg = Release|Any CPU
		{D6CC07B2-7D9E-46B8-A87E-A4EDFA8F3951}.Release|Any CPU.Build.0 = Release|Any CPU
	EndGlobalSection
	GlobalSection(SolutionProperties) = preSolution
		HideSolutionNode = FALSE
	EndGlobalSection
	GlobalSection(ExtensibilityGlobals) = postSolution
		SolutionGuid = {1D8E0251-31C2-4D6C-B449-1A5DF9F21C27}
	EndGlobalSection
EndGlobal
